// !$*UTF8*$!
{
	archiveVersion = 1;
	classes = {
	};
	objectVersion = 46;
	objects = {

/* Begin PBXBuildFile section */
		B64339171DB7389A008D73A8 /* main.swift in Sources */ = {isa = PBXBuildFile; fileRef = B64339161DB7389A008D73A8 /* main.swift */; };
		B64339241DB738EF008D73A8 /* ExtDomainModelTest.swift in Sources */ = {isa = PBXBuildFile; fileRef = B64339231DB738EF008D73A8 /* ExtDomainModelTest.swift */; };
		B643392A1DB7390F008D73A8 /* MontyTest.swift in Sources */ = {isa = PBXBuildFile; fileRef = B64339291DB7390F008D73A8 /* MontyTest.swift */; };
/* End PBXBuildFile section */

/* Begin PBXCopyFilesBuildPhase section */
		B64339111DB7389A008D73A8 /* CopyFiles */ = {
			isa = PBXCopyFilesBuildPhase;
			buildActionMask = 2147483647;
			dstPath = /usr/share/man/man1/;
			dstSubfolderSpec = 0;
			files = (
			);
			runOnlyForDeploymentPostprocessing = 1;
		};
/* End PBXCopyFilesBuildPhase section */

/* Begin PBXFileReference section */
		B64339131DB7389A008D73A8 /* ExtDomainModel */ = {isa = PBXFileReference; explicitFileType = "compiled.mach-o.executable"; includeInIndex = 0; path = ExtDomainModel; sourceTree = BUILT_PRODUCTS_DIR; };
		B64339161DB7389A008D73A8 /* main.swift */ = {isa = PBXFileReference; lastKnownFileType = sourcecode.swift; path = main.swift; sourceTree = "<group>"; };
		B64339211DB738EF008D73A8 /* ExtDomainModelTest.xctest */ = {isa = PBXFileReference; explicitFileType = wrapper.cfbundle; includeInIndex = 0; path = ExtDomainModelTest.xctest; sourceTree = BUILT_PRODUCTS_DIR; };
		B64339231DB738EF008D73A8 /* ExtDomainModelTest.swift */ = {isa = PBXFileReference; lastKnownFileType = sourcecode.swift; path = ExtDomainModelTest.swift; sourceTree = "<group>"; };
		B64339251DB738EF008D73A8 /* Info.plist */ = {isa = PBXFileReference; lastKnownFileType = text.plist.xml; path = Info.plist; sourceTree = "<group>"; };
		B64339291DB7390F008D73A8 /* MontyTest.swift */ = {isa = PBXFileReference; fileEncoding = 4; lastKnownFileType = sourcecode.swift; path = MontyTest.swift; sourceTree = "<group>"; };
/* End PBXFileReference section */

/* Begin PBXFrameworksBuildPhase section */
		B64339101DB7389A008D73A8 /* Frameworks */ = {
			isa = PBXFrameworksBuildPhase;
			buildActionMask = 2147483647;
			files = (
			);
			runOnlyForDeploymentPostprocessing = 0;
		};
		B643391E1DB738EF008D73A8 /* Frameworks */ = {
			isa = PBXFrameworksBuildPhase;
			buildActionMask = 2147483647;
			files = (
			);
			runOnlyForDeploymentPostprocessing = 0;
		};
/* End PBXFrameworksBuildPhase section */

/* Begin PBXGroup section */
		B643390A1DB7389A008D73A8 = {
			isa = PBXGroup;
			children = (
				B64339151DB7389A008D73A8 /* ExtDomainModel */,
				B64339221DB738EF008D73A8 /* ExtDomainModelTest */,
				B64339141DB7389A008D73A8 /* Products */,
			);
			sourceTree = "<group>";
		};
		B64339141DB7389A008D73A8 /* Products */ = {
			isa = PBXGroup;
			children = (
				B64339131DB7389A008D73A8 /* ExtDomainModel */,
				B64339211DB738EF008D73A8 /* ExtDomainModelTest.xctest */,
			);
			name = Products;
			sourceTree = "<group>";
		};
		B64339151DB7389A008D73A8 /* ExtDomainModel */ = {
			isa = PBXGroup;
			children = (
				B64339161DB7389A008D73A8 /* main.swift */,
			);
			path = ExtDomainModel;
			sourceTree = "<group>";
		};
		B64339221DB738EF008D73A8 /* ExtDomainModelTest */ = {
			isa = PBXGroup;
			children = (
				B64339291DB7390F008D73A8 /* MontyTest.swift */,
				B64339231DB738EF008D73A8 /* ExtDomainModelTest.swift */,
				B64339251DB738EF008D73A8 /* Info.plist */,
			);
			path = ExtDomainModelTest;
			sourceTree = "<group>";
		};
/* End PBXGroup section */

/* Begin PBXNativeTarget section */
		B64339121DB7389A008D73A8 /* ExtDomainModel */ = {
			isa = PBXNativeTarget;
			buildConfigurationList = B643391A1DB7389A008D73A8 /* Build configuration list for PBXNativeTarget "ExtDomainModel" */;
			buildPhases = (
				B643390F1DB7389A008D73A8 /* Sources */,
				B64339101DB7389A008D73A8 /* Frameworks */,
				B64339111DB7389A008D73A8 /* CopyFiles */,
			);
			buildRules = (
			);
			dependencies = (
			);
			name = ExtDomainModel;
			productName = ExtDomainModel;
			productReference = B64339131DB7389A008D73A8 /* ExtDomainModel */;
			productType = "com.apple.product-type.tool";
		};
		B64339201DB738EF008D73A8 /* ExtDomainModelTest */ = {
			isa = PBXNativeTarget;
			buildConfigurationList = B64339261DB738EF008D73A8 /* Build configuration list for PBXNativeTarget "ExtDomainModelTest" */;
			buildPhases = (
				B643391D1DB738EF008D73A8 /* Sources */,
				B643391E1DB738EF008D73A8 /* Frameworks */,
				B643391F1DB738EF008D73A8 /* Resources */,
			);
			buildRules = (
			);
			dependencies = (
			);
			name = ExtDomainModelTest;
			productName = ExtDomainModelTest;
			productReference = B64339211DB738EF008D73A8 /* ExtDomainModelTest.xctest */;
			productType = "com.apple.product-type.bundle.unit-test";
		};
/* End PBXNativeTarget section */

/* Begin PBXProject section */
		B643390B1DB7389A008D73A8 /* Project object */ = {
			isa = PBXProject;
			attributes = {
				LastSwiftUpdateCheck = 0800;
				LastUpgradeCheck = 0800;
				ORGANIZATIONNAME = "Xuan Liu";
				TargetAttributes = {
					B64339121DB7389A008D73A8 = {
						CreatedOnToolsVersion = 8.0;
						DevelopmentTeam = J8HX8W773Z;
						ProvisioningStyle = Automatic;
					};
					B64339201DB738EF008D73A8 = {
						CreatedOnToolsVersion = 8.0;
						DevelopmentTeam = J8HX8W773Z;
						ProvisioningStyle = Automatic;
					};
				};
			};
			buildConfigurationList = B643390E1DB7389A008D73A8 /* Build configuration list for PBXProject "ExtDomainModel" */;
			compatibilityVersion = "Xcode 3.2";
			developmentRegion = English;
			hasScannedForEncodings = 0;
			knownRegions = (
				en,
			);
			mainGroup = B643390A1DB7389A008D73A8;
			productRefGroup = B64339141DB7389A008D73A8 /* Products */;
			projectDirPath = "";
			projectRoot = "";
			targets = (
				B64339121DB7389A008D73A8 /* ExtDomainModel */,
				B64339201DB738EF008D73A8 /* ExtDomainModelTest */,
			);
		};
/* End PBXProject section */

/* Begin PBXResourcesBuildPhase section */
		B643391F1DB738EF008D73A8 /* Resources */ = {
			isa = PBXResourcesBuildPhase;
			buildActionMask = 2147483647;
			files = (
			);
			runOnlyForDeploymentPostprocessing = 0;
		};
/* End PBXResourcesBuildPhase section */

/* Begin PBXSourcesBuildPhase section */
		B643390F1DB7389A008D73A8 /* Sources */ = {
			isa = PBXSourcesBuildPhase;
			buildActionMask = 2147483647;
			files = (
				B64339171DB7389A008D73A8 /* main.swift in Sources */,
			);
			runOnlyForDeploymentPostprocessing = 0;
		};
		B643391D1DB738EF008D73A8 /* Sources */ = {
			isa = PBXSourcesBuildPhase;
			buildActionMask = 2147483647;
			files = (
				B64339241DB738EF008D73A8 /* ExtDomainModelTest.swift in Sources */,
				B643392A1DB7390F008D73A8 /* MontyTest.swift in Sources */,
			);
			runOnlyForDeploymentPostprocessing = 0;
		};
/* End PBXSourcesBuildPhase section */

/* Begin XCBuildConfiguration section */
		B64339181DB7389A008D73A8 /* Debug */ = {
			isa = XCBuildConfiguration;
			buildSettings = {
				ALWAYS_SEARCH_USER_PATHS = NO;
				CLANG_ANALYZER_NONNULL = YES;
				CLANG_CXX_LANGUAGE_STANDARD = "gnu++0x";
				CLANG_CXX_LIBRARY = "libc++";
				CLANG_ENABLE_MODULES = YES;
				CLANG_ENABLE_OBJC_ARC = YES;
				CLANG_WARN_BOOL_CONVERSION = YES;
				CLANG_WARN_CONSTANT_CONVERSION = YES;
				CLANG_WARN_DIRECT_OBJC_ISA_USAGE = YES_ERROR;
				CLANG_WARN_DOCUMENTATION_COMMENTS = YES;
				CLANG_WARN_EMPTY_BODY = YES;
				CLANG_WARN_ENUM_CONVERSION = YES;
				CLANG_WARN_INFINITE_RECURSION = YES;
				CLANG_WARN_INT_CONVERSION = YES;
				CLANG_WARN_OBJC_ROOT_CLASS = YES_ERROR;
				CLANG_WARN_SUSPICIOUS_MOVES = YES;
				CLANG_WARN_UNREACHABLE_CODE = YES;
				CLANG_WARN__DUPLICATE_METHOD_MATCH = YES;
				CODE_SIGN_IDENTITY = "-";
				COPY_PHASE_STRIP = NO;
				DEBUG_INFORMATION_FORMAT = dwarf;
				ENABLE_STRICT_OBJC_MSGSEND = YES;
				ENABLE_TESTABILITY = YES;
				GCC_C_LANGUAGE_STANDARD = gnu99;
				GCC_DYNAMIC_NO_PIC = NO;
				GCC_NO_COMMON_BLOCKS = YES;
				GCC_OPTIMIZATION_LEVEL = 0;
				GCC_PREPROCESSOR_DEFINITIONS = (
					"DEBUG=1",
					"$(inherited)",
				);
				GCC_WARN_64_TO_32_BIT_CONVERSION = YES;
				GCC_WARN_ABOUT_RETURN_TYPE = YES_ERROR;
				GCC_WARN_UNDECLARED_SELECTOR = YES;
				GCC_WARN_UNINITIALIZED_AUTOS = YES_AGGRESSIVE;
				GCC_WARN_UNUSED_FUNCTION = YES;
				GCC_WARN_UNUSED_VARIABLE = YES;
				MACOSX_DEPLOYMENT_TARGET = 10.11;
				MTL_ENABLE_DEBUG_INFO = YES;
				ONLY_ACTIVE_ARCH = YES;
				SDKROOT = macosx;
				SWIFT_OPTIMIZATION_LEVEL = "-Onone";
			};
			name = Debug;
		};
		B64339191DB7389A008D73A8 /* Release */ = {
			isa = XCBuildConfiguration;
			buildSettings = {
				ALWAYS_SEARCH_USER_PATHS = NO;
				CLANG_ANALYZER_NONNULL = YES;
				CLANG_CXX_LANGUAGE_STANDARD = "gnu++0x";
				CLANG_CXX_LIBRARY = "libc++";
				CLANG_ENABLE_MODULES = YES;
				CLANG_ENABLE_OBJC_ARC = YES;
				CLANG_WARN_BOOL_CONVERSION = YES;
				CLANG_WARN_CONSTANT_CONVERSION = YES;
				CLANG_WARN_DIRECT_OBJC_ISA_USAGE = YES_ERROR;
				CLANG_WARN_DOCUMENTATION_COMMENTS = YES;
				CLANG_WARN_EMPTY_BODY = YES;
				CLANG_WARN_ENUM_CONVERSION = YES;
				CLANG_WARN_INFINITE_RECURSION = YES;
				CLANG_WARN_INT_CONVERSION = YES;
				CLANG_WARN_OBJC_ROOT_CLASS = YES_ERROR;
				CLANG_WARN_SUSPICIOUS_MOVES = YES;
				CLANG_WARN_UNREACHABLE_CODE = YES;
				CLANG_WARN__DUPLICATE_METHOD_MATCH = YES;
				CODE_SIGN_IDENTITY = "-";
				COPY_PHASE_STRIP = NO;
				DEBUG_INFORMATION_FORMAT = "dwarf-with-dsym";
				ENABLE_NS_ASSERTIONS = NO;
				ENABLE_STRICT_OBJC_MSGSEND = YES;
				GCC_C_LANGUAGE_STANDARD = gnu99;
				GCC_NO_COMMON_BLOCKS = YES;
				GCC_WARN_64_TO_32_BIT_CONVERSION = YES;
				GCC_WARN_ABOUT_RETURN_TYPE = YES_ERROR;
				GCC_WARN_UNDECLARED_SELECTOR = YES;
				GCC_WARN_UNINITIALIZED_AUTOS = YES_AGGRESSIVE;
				GCC_WARN_UNUSED_FUNCTION = YES;
				GCC_WARN_UNUSED_VARIABLE = YES;
				MACOSX_DEPLOYMENT_TARGET = 10.11;
				MTL_ENABLE_DEBUG_INFO = NO;
				SDKROOT = macosx;
			};
			name = Release;
		};
		B643391B1DB7389A008D73A8 /* Debug */ = {
			isa = XCBuildConfiguration;
			buildSettings = {
				DEVELOPMENT_TEAM = J8HX8W773Z;
				PRODUCT_NAME = "$(TARGET_NAME)";
				SWIFT_VERSION = 3.0;
			};
			name = Debug;
		};
		B643391C1DB7389A008D73A8 /* Release */ = {
			isa = XCBuildConfiguration;
			buildSettings = {
				DEVELOPMENT_TEAM = J8HX8W773Z;
				PRODUCT_NAME = "$(TARGET_NAME)";
				SWIFT_VERSION = 3.0;
			};
			name = Release;
		};
		B64339271DB738EF008D73A8 /* Debug */ = {
			isa = XCBuildConfiguration;
			buildSettings = {
				COMBINE_HIDPI_IMAGES = YES;
				DEVELOPMENT_TEAM = J8HX8W773Z;
				INFOPLIST_FILE = ExtDomainModelTest/Info.plist;
				LD_RUNPATH_SEARCH_PATHS = "$(inherited) @executable_path/../Frameworks @loader_path/../Frameworks";
				PRODUCT_BUNDLE_IDENTIFIER = com.xuanliux.ExtDomainModelTest;
				PRODUCT_NAME = "$(TARGET_NAME)";
				SWIFT_ACTIVE_COMPILATION_CONDITIONS = DEBUG;
				SWIFT_VERSION = 3.0;
			};
			name = Debug;
		};
		B64339281DB738EF008D73A8 /* Release */ = {
			isa = XCBuildConfiguration;
			buildSettings = {
				COMBINE_HIDPI_IMAGES = YES;
				DEVELOPMENT_TEAM = J8HX8W773Z;
				INFOPLIST_FILE = ExtDomainModelTest/Info.plist;
				LD_RUNPATH_SEARCH_PATHS = "$(inherited) @executable_path/../Frameworks @loader_path/../Frameworks";
				PRODUCT_BUNDLE_IDENTIFIER = com.xuanliux.ExtDomainModelTest;
				PRODUCT_NAME = "$(TARGET_NAME)";
				SWIFT_OPTIMIZATION_LEVEL = "-Owholemodule";
				SWIFT_VERSION = 3.0;
			};
			name = Release;
		};
/* End XCBuildConfiguration section */

/* Begin XCConfigurationList section */
		B643390E1DB7389A008D73A8 /* Build configuration list for PBXProject "ExtDomainModel" */ = {
			isa = XCConfigurationList;
			buildConfigurations = (
				B64339181DB7389A008D73A8 /* Debug */,
				B64339191DB7389A008D73A8 /* Release */,
			);
			defaultConfigurationIsVisible = 0;
			defaultConfigurationName = Release;
		};
		B643391A1DB7389A008D73A8 /* Build configuration list for PBXNativeTarget "ExtDomainModel" */ = {
			isa = XCConfigurationList;
			buildConfigurations = (
				B643391B1DB7389A008D73A8 /* Debug */,
				B643391C1DB7389A008D73A8 /* Release */,
			);
			defaultConfigurationIsVisible = 0;
		};
		B64339261DB738EF008D73A8 /* Build configuration list for PBXNativeTarget "ExtDomainModelTest" */ = {
			isa = XCConfigurationList;
			buildConfigurations = (
				B64339271DB738EF008D73A8 /* Debug */,
				B64339281DB738EF008D73A8 /* Release */,
			);
			defaultConfigurationIsVisible = 0;
		};
/* End XCConfigurationList section */
	};
	rootObject = B643390B1DB7389A008D73A8 /* Project object */;
}
